
Microsoft Visual Studio Solution File, Format Version 12.00
# Visual Studio Version 16
VisualStudioVersion = 16.0.31019.35
MinimumVisualStudioVersion = 10.0.40219.1
Project("{FAE04EC0-301F-11D3-BF4B-00C04F79EFBC}") = "ISS-Project", "ISS-Project\ISS-Project.csproj", "{BC0510B8-0577-4184-BEF1-149144C6EE0C}"
EndProject
Global
	GlobalSection(SolutionConfigurationPlatforms) = preSolution
		Debug|Any CPU = Debug|Any CPU
		Release|Any CPU = Release|Any CPU
	EndGlobalSection
	GlobalSection(ProjectConfigurationPlatforms) = postSolution
		{BC0510B8-0577-4184-BEF1-149144C6EE0C}.Debug|Any CPU.ActiveCfg = Debug|Any CPU
		{BC0510B8-0577-4184-BEF1-149144C6EE0C}.Debug|Any CPU.Build.0 = Debug|Any CPU
		{BC0510B8-0577-4184-BEF1-149144C6EE0C}.Release|Any CPU.ActiveCfg = Release|Any CPU
		{BC0510B8-0577-4184-BEF1-149144C6EE0C}.Release|Any CPU.Build.0 = Release|Any CPU
	EndGlobalSection
	GlobalSection(SolutionProperties) = preSolution
		HideSolutionNode = FALSE
	EndGlobalSection
	GlobalSection(ExtensibilityGlobals) = postSolution
		SolutionGuid = {C5005049-4DDF-4CD1-AFB4-75312CC77764}
	EndGlobalSection
EndGlobal
